// !$*UTF8*$!
{
	archiveVersion = 1;
	classes = {
	};
	objectVersion = 56;
	objects = {

/* Begin PBXBuildFile section */
		B037E7382AB376DE00167D11 /* SharkyApp.swift in Sources */ = {isa = PBXBuildFile; fileRef = B037E7372AB376DE00167D11 /* SharkyApp.swift */; };
		B037E73A2AB376DE00167D11 /* ContentView.swift in Sources */ = {isa = PBXBuildFile; fileRef = B037E7392AB376DE00167D11 /* ContentView.swift */; };
		B037E73C2AB376DF00167D11 /* Assets.xcassets in Resources */ = {isa = PBXBuildFile; fileRef = B037E73B2AB376DF00167D11 /* Assets.xcassets */; };
		B037E73F2AB376DF00167D11 /* Preview Assets.xcassets in Resources */ = {isa = PBXBuildFile; fileRef = B037E73E2AB376DF00167D11 /* Preview Assets.xcassets */; };
		B037E7472AB377F200167D11 /* Shark.swift in Sources */ = {isa = PBXBuildFile; fileRef = B037E7462AB377F200167D11 /* Shark.swift */; };
		B037E74B2AB4F10700167D11 /* SharkUSBHID.c in Sources */ = {isa = PBXBuildFile; fileRef = B037E74A2AB4F10700167D11 /* SharkUSBHID.c */; };
		B037E75B2AB65F1500167D11 /* Sliders in Frameworks */ = {isa = PBXBuildFile; productRef = B037E75A2AB65F1500167D11 /* Sliders */; };
		B037E75D2AB670CF00167D11 /* RulerView.swift in Sources */ = {isa = PBXBuildFile; fileRef = B037E75C2AB670CF00167D11 /* RulerView.swift */; };
		B06BEB3A2AB790C600A8DC21 /* Credits.html in Resources */ = {isa = PBXBuildFile; fileRef = B06BEB392AB790C600A8DC21 /* Credits.html */; };
		B06BEB462AB7A7B600A8DC21 /* SharkUSBHID.c in Sources */ = {isa = PBXBuildFile; fileRef = B037E74A2AB4F10700167D11 /* SharkUSBHID.c */; };
/* End PBXBuildFile section */

/* Begin PBXCopyFilesBuildPhase section */
		B06BEB3D2AB7A78E00A8DC21 /* CopyFiles */ = {
			isa = PBXCopyFilesBuildPhase;
			buildActionMask = 2147483647;
			dstPath = /usr/share/man/man1/;
			dstSubfolderSpec = 0;
			files = (
			);
			runOnlyForDeploymentPostprocessing = 1;
		};
/* End PBXCopyFilesBuildPhase section */

/* Begin PBXFileReference section */
		B037E7342AB376DE00167D11 /* Sharky.app */ = {isa = PBXFileReference; explicitFileType = wrapper.application; includeInIndex = 0; path = Sharky.app; sourceTree = BUILT_PRODUCTS_DIR; };
		B037E7372AB376DE00167D11 /* SharkyApp.swift */ = {isa = PBXFileReference; lastKnownFileType = sourcecode.swift; path = SharkyApp.swift; sourceTree = "<group>"; };
		B037E7392AB376DE00167D11 /* ContentView.swift */ = {isa = PBXFileReference; lastKnownFileType = sourcecode.swift; path = ContentView.swift; sourceTree = "<group>"; };
		B037E73B2AB376DF00167D11 /* Assets.xcassets */ = {isa = PBXFileReference; lastKnownFileType = folder.assetcatalog; path = Assets.xcassets; sourceTree = "<group>"; };
		B037E73E2AB376DF00167D11 /* Preview Assets.xcassets */ = {isa = PBXFileReference; lastKnownFileType = folder.assetcatalog; path = "Preview Assets.xcassets"; sourceTree = "<group>"; };
		B037E7402AB376DF00167D11 /* Sharky.entitlements */ = {isa = PBXFileReference; lastKnownFileType = text.plist.entitlements; path = Sharky.entitlements; sourceTree = "<group>"; };
		B037E7462AB377F200167D11 /* Shark.swift */ = {isa = PBXFileReference; lastKnownFileType = sourcecode.swift; path = Shark.swift; sourceTree = "<group>"; };
		B037E7482AB4F10600167D11 /* Sharky-Bridging-Header.h */ = {isa = PBXFileReference; lastKnownFileType = sourcecode.c.h; path = "Sharky-Bridging-Header.h"; sourceTree = "<group>"; };
		B037E7492AB4F10700167D11 /* SharkUSBHID.h */ = {isa = PBXFileReference; lastKnownFileType = sourcecode.c.h; path = SharkUSBHID.h; sourceTree = "<group>"; };
		B037E74A2AB4F10700167D11 /* SharkUSBHID.c */ = {isa = PBXFileReference; lastKnownFileType = sourcecode.c.c; path = SharkUSBHID.c; sourceTree = "<group>"; };
		B037E7562AB65EC800167D11 /* swiftui-sliders */ = {isa = PBXFileReference; lastKnownFileType = wrapper; name = "swiftui-sliders"; path = "../swiftui-sliders"; sourceTree = "<group>"; };
		B037E75C2AB670CF00167D11 /* RulerView.swift */ = {isa = PBXFileReference; lastKnownFileType = sourcecode.swift; path = RulerView.swift; sourceTree = "<group>"; };
		B06BEB392AB790C600A8DC21 /* Credits.html */ = {isa = PBXFileReference; lastKnownFileType = text.html; path = Credits.html; sourceTree = "<group>"; };
		B06BEB3F2AB7A78E00A8DC21 /* radiosh */ = {isa = PBXFileReference; explicitFileType = "compiled.mach-o.executable"; includeInIndex = 0; path = radiosh; sourceTree = BUILT_PRODUCTS_DIR; };
/* End PBXFileReference section */

/* Begin PBXFrameworksBuildPhase section */
		B037E7312AB376DE00167D11 /* Frameworks */ = {
			isa = PBXFrameworksBuildPhase;
			buildActionMask = 2147483647;
			files = (
				B037E75B2AB65F1500167D11 /* Sliders in Frameworks */,
			);
			runOnlyForDeploymentPostprocessing = 0;
		};
		B06BEB3C2AB7A78E00A8DC21 /* Frameworks */ = {
			isa = PBXFrameworksBuildPhase;
			buildActionMask = 2147483647;
			files = (
			);
			runOnlyForDeploymentPostprocessing = 0;
		};
/* End PBXFrameworksBuildPhase section */

/* Begin PBXGroup section */
		B037E72B2AB376DE00167D11 = {
			isa = PBXGroup;
			children = (
				B037E7362AB376DE00167D11 /* Sharky */,
				B037E7532AB65E5C00167D11 /* Packages */,
				B037E7482AB4F10600167D11 /* Sharky-Bridging-Header.h */,
				B037E7352AB376DE00167D11 /* Products */,
				B037E7592AB65F1500167D11 /* Frameworks */,
			);
			sourceTree = "<group>";
		};
		B037E7352AB376DE00167D11 /* Products */ = {
			isa = PBXGroup;
			children = (
				B037E7342AB376DE00167D11 /* Sharky.app */,
				B06BEB3F2AB7A78E00A8DC21 /* radiosh */,
			);
			name = Products;
			sourceTree = "<group>";
		};
		B037E7362AB376DE00167D11 /* Sharky */ = {
			isa = PBXGroup;
			children = (
				B037E7372AB376DE00167D11 /* SharkyApp.swift */,
				B037E7392AB376DE00167D11 /* ContentView.swift */,
				B037E75C2AB670CF00167D11 /* RulerView.swift */,
				B037E7462AB377F200167D11 /* Shark.swift */,
				B037E7492AB4F10700167D11 /* SharkUSBHID.h */,
				B037E74A2AB4F10700167D11 /* SharkUSBHID.c */,
				B06BEB392AB790C600A8DC21 /* Credits.html */,
				B037E73B2AB376DF00167D11 /* Assets.xcassets */,
				B037E7402AB376DF00167D11 /* Sharky.entitlements */,
				B037E73D2AB376DF00167D11 /* Preview Content */,
			);
			path = Sharky;
			sourceTree = "<group>";
		};
		B037E73D2AB376DF00167D11 /* Preview Content */ = {
			isa = PBXGroup;
			children = (
				B037E73E2AB376DF00167D11 /* Preview Assets.xcassets */,
			);
			path = "Preview Content";
			sourceTree = "<group>";
		};
		B037E7532AB65E5C00167D11 /* Packages */ = {
			isa = PBXGroup;
			children = (
				B037E7562AB65EC800167D11 /* swiftui-sliders */,
			);
			name = Packages;
			sourceTree = "<group>";
		};
		B037E7592AB65F1500167D11 /* Frameworks */ = {
			isa = PBXGroup;
			children = (
			);
			name = Frameworks;
			sourceTree = "<group>";
		};
/* End PBXGroup section */

/* Begin PBXNativeTarget section */
		B037E7332AB376DE00167D11 /* Sharky */ = {
			isa = PBXNativeTarget;
			buildConfigurationList = B037E7432AB376DF00167D11 /* Build configuration list for PBXNativeTarget "Sharky" */;
			buildPhases = (
				B037E7302AB376DE00167D11 /* Sources */,
				B037E7312AB376DE00167D11 /* Frameworks */,
				B037E7322AB376DE00167D11 /* Resources */,
			);
			buildRules = (
			);
			dependencies = (
				B037E7582AB65F0C00167D11 /* PBXTargetDependency */,
			);
			name = Sharky;
			packageProductDependencies = (
				B037E75A2AB65F1500167D11 /* Sliders */,
			);
			productName = Sharky;
			productReference = B037E7342AB376DE00167D11 /* Sharky.app */;
			productType = "com.apple.product-type.application";
		};
		B06BEB3E2AB7A78E00A8DC21 /* radiosh */ = {
			isa = PBXNativeTarget;
			buildConfigurationList = B06BEB432AB7A78E00A8DC21 /* Build configuration list for PBXNativeTarget "radiosh" */;
			buildPhases = (
				B06BEB3B2AB7A78E00A8DC21 /* Sources */,
				B06BEB3C2AB7A78E00A8DC21 /* Frameworks */,
				B06BEB3D2AB7A78E00A8DC21 /* CopyFiles */,
			);
			buildRules = (
			);
			dependencies = (
			);
			name = radiosh;
			productName = radiosh;
			productReference = B06BEB3F2AB7A78E00A8DC21 /* radiosh */;
			productType = "com.apple.product-type.tool";
		};
/* End PBXNativeTarget section */

/* Begin PBXProject section */
		B037E72C2AB376DE00167D11 /* Project object */ = {
			isa = PBXProject;
			attributes = {
				BuildIndependentTargetsInParallel = 1;
				LastSwiftUpdateCheck = 1430;
				LastUpgradeCheck = 1430;
				TargetAttributes = {
					B037E7332AB376DE00167D11 = {
						CreatedOnToolsVersion = 14.3.1;
						LastSwiftMigration = 1430;
					};
					B06BEB3E2AB7A78E00A8DC21 = {
						CreatedOnToolsVersion = 14.3.1;
					};
				};
			};
			buildConfigurationList = B037E72F2AB376DE00167D11 /* Build configuration list for PBXProject "Sharky" */;
			compatibilityVersion = "Xcode 14.0";
			developmentRegion = en;
			hasScannedForEncodings = 0;
			knownRegions = (
				en,
				Base,
			);
			mainGroup = B037E72B2AB376DE00167D11;
			packageReferences = (
			);
			productRefGroup = B037E7352AB376DE00167D11 /* Products */;
			projectDirPath = "";
			projectRoot = "";
			targets = (
				B037E7332AB376DE00167D11 /* Sharky */,
				B06BEB3E2AB7A78E00A8DC21 /* radiosh */,
			);
		};
/* End PBXProject section */

/* Begin PBXResourcesBuildPhase section */
		B037E7322AB376DE00167D11 /* Resources */ = {
			isa = PBXResourcesBuildPhase;
			buildActionMask = 2147483647;
			files = (
				B037E73F2AB376DF00167D11 /* Preview Assets.xcassets in Resources */,
				B06BEB3A2AB790C600A8DC21 /* Credits.html in Resources */,
				B037E73C2AB376DF00167D11 /* Assets.xcassets in Resources */,
			);
			runOnlyForDeploymentPostprocessing = 0;
		};
/* End PBXResourcesBuildPhase section */

/* Begin PBXSourcesBuildPhase section */
		B037E7302AB376DE00167D11 /* Sources */ = {
			isa = PBXSourcesBuildPhase;
			buildActionMask = 2147483647;
			files = (
				B037E73A2AB376DE00167D11 /* ContentView.swift in Sources */,
				B037E75D2AB670CF00167D11 /* RulerView.swift in Sources */,
				B037E7472AB377F200167D11 /* Shark.swift in Sources */,
				B037E74B2AB4F10700167D11 /* SharkUSBHID.c in Sources */,
				B037E7382AB376DE00167D11 /* SharkyApp.swift in Sources */,
			);
			runOnlyForDeploymentPostprocessing = 0;
		};
		B06BEB3B2AB7A78E00A8DC21 /* Sources */ = {
			isa = PBXSourcesBuildPhase;
			buildActionMask = 2147483647;
			files = (
				B06BEB462AB7A7B600A8DC21 /* SharkUSBHID.c in Sources */,
			);
			runOnlyForDeploymentPostprocessing = 0;
		};
/* End PBXSourcesBuildPhase section */

/* Begin PBXTargetDependency section */
		B037E7582AB65F0C00167D11 /* PBXTargetDependency */ = {
			isa = PBXTargetDependency;
			productRef = B037E7572AB65F0C00167D11 /* Sliders */;
		};
/* End PBXTargetDependency section */

/* Begin XCBuildConfiguration section */
		B037E7412AB376DF00167D11 /* Debug */ = {
			isa = XCBuildConfiguration;
			buildSettings = {
				ALWAYS_SEARCH_USER_PATHS = NO;
				CLANG_ANALYZER_NONNULL = YES;
				CLANG_ANALYZER_NUMBER_OBJECT_CONVERSION = YES_AGGRESSIVE;
				CLANG_CXX_LANGUAGE_STANDARD = "gnu++20";
				CLANG_ENABLE_MODULES = YES;
				CLANG_ENABLE_OBJC_ARC = YES;
				CLANG_ENABLE_OBJC_WEAK = YES;
				CLANG_WARN_BLOCK_CAPTURE_AUTORELEASING = YES;
				CLANG_WARN_BOOL_CONVERSION = YES;
				CLANG_WARN_COMMA = YES;
				CLANG_WARN_CONSTANT_CONVERSION = YES;
				CLANG_WARN_DEPRECATED_OBJC_IMPLEMENTATIONS = YES;
				CLANG_WARN_DIRECT_OBJC_ISA_USAGE = YES_ERROR;
				CLANG_WARN_DOCUMENTATION_COMMENTS = YES;
				CLANG_WARN_EMPTY_BODY = YES;
				CLANG_WARN_ENUM_CONVERSION = YES;
				CLANG_WARN_INFINITE_RECURSION = YES;
				CLANG_WARN_INT_CONVERSION = YES;
				CLANG_WARN_NON_LITERAL_NULL_CONVERSION = YES;
				CLANG_WARN_OBJC_IMPLICIT_RETAIN_SELF = YES;
				CLANG_WARN_OBJC_LITERAL_CONVERSION = YES;
				CLANG_WARN_OBJC_ROOT_CLASS = YES_ERROR;
				CLANG_WARN_QUOTED_INCLUDE_IN_FRAMEWORK_HEADER = YES;
				CLANG_WARN_RANGE_LOOP_ANALYSIS = YES;
				CLANG_WARN_STRICT_PROTOTYPES = YES;
				CLANG_WARN_SUSPICIOUS_MOVE = YES;
				CLANG_WARN_UNGUARDED_AVAILABILITY = YES_AGGRESSIVE;
				CLANG_WARN_UNREACHABLE_CODE = YES;
				CLANG_WARN__DUPLICATE_METHOD_MATCH = YES;
				COPY_PHASE_STRIP = NO;
				DEBUG_INFORMATION_FORMAT = dwarf;
				ENABLE_STRICT_OBJC_MSGSEND = YES;
				ENABLE_TESTABILITY = YES;
				GCC_C_LANGUAGE_STANDARD = gnu11;
				GCC_DYNAMIC_NO_PIC = NO;
				GCC_NO_COMMON_BLOCKS = YES;
				GCC_OPTIMIZATION_LEVEL = 0;
				GCC_PREPROCESSOR_DEFINITIONS = (
					"DEBUG=1",
					"$(inherited)",
				);
				GCC_WARN_64_TO_32_BIT_CONVERSION = YES;
				GCC_WARN_ABOUT_RETURN_TYPE = YES_ERROR;
				GCC_WARN_UNDECLARED_SELECTOR = YES;
				GCC_WARN_UNINITIALIZED_AUTOS = YES_AGGRESSIVE;
				GCC_WARN_UNUSED_FUNCTION = YES;
				GCC_WARN_UNUSED_VARIABLE = YES;
				MACOSX_DEPLOYMENT_TARGET = 13.3;
				MTL_ENABLE_DEBUG_INFO = INCLUDE_SOURCE;
				MTL_FAST_MATH = YES;
				ONLY_ACTIVE_ARCH = YES;
				SDKROOT = macosx;
				SWIFT_ACTIVE_COMPILATION_CONDITIONS = DEBUG;
				SWIFT_OPTIMIZATION_LEVEL = "-Onone";
			};
			name = Debug;
		};
		B037E7422AB376DF00167D11 /* Release */ = {
			isa = XCBuildConfiguration;
			buildSettings = {
				ALWAYS_SEARCH_USER_PATHS = NO;
				CLANG_ANALYZER_NONNULL = YES;
				CLANG_ANALYZER_NUMBER_OBJECT_CONVERSION = YES_AGGRESSIVE;
				CLANG_CXX_LANGUAGE_STANDARD = "gnu++20";
				CLANG_ENABLE_MODULES = YES;
				CLANG_ENABLE_OBJC_ARC = YES;
				CLANG_ENABLE_OBJC_WEAK = YES;
				CLANG_WARN_BLOCK_CAPTURE_AUTORELEASING = YES;
				CLANG_WARN_BOOL_CONVERSION = YES;
				CLANG_WARN_COMMA = YES;
				CLANG_WARN_CONSTANT_CONVERSION = YES;
				CLANG_WARN_DEPRECATED_OBJC_IMPLEMENTATIONS = YES;
				CLANG_WARN_DIRECT_OBJC_ISA_USAGE = YES_ERROR;
				CLANG_WARN_DOCUMENTATION_COMMENTS = YES;
				CLANG_WARN_EMPTY_BODY = YES;
				CLANG_WARN_ENUM_CONVERSION = YES;
				CLANG_WARN_INFINITE_RECURSION = YES;
				CLANG_WARN_INT_CONVERSION = YES;
				CLANG_WARN_NON_LITERAL_NULL_CONVERSION = YES;
				CLANG_WARN_OBJC_IMPLICIT_RETAIN_SELF = YES;
				CLANG_WARN_OBJC_LITERAL_CONVERSION = YES;
				CLANG_WARN_OBJC_ROOT_CLASS = YES_ERROR;
				CLANG_WARN_QUOTED_INCLUDE_IN_FRAMEWORK_HEADER = YES;
				CLANG_WARN_RANGE_LOOP_ANALYSIS = YES;
				CLANG_WARN_STRICT_PROTOTYPES = YES;
				CLANG_WARN_SUSPICIOUS_MOVE = YES;
				CLANG_WARN_UNGUARDED_AVAILABILITY = YES_AGGRESSIVE;
				CLANG_WARN_UNREACHABLE_CODE = YES;
				CLANG_WARN__DUPLICATE_METHOD_MATCH = YES;
				COPY_PHASE_STRIP = NO;
				DEBUG_INFORMATION_FORMAT = "dwarf-with-dsym";
				ENABLE_NS_ASSERTIONS = NO;
				ENABLE_STRICT_OBJC_MSGSEND = YES;
				GCC_C_LANGUAGE_STANDARD = gnu11;
				GCC_NO_COMMON_BLOCKS = YES;
				GCC_PREPROCESSOR_DEFINITIONS = "";
				GCC_WARN_64_TO_32_BIT_CONVERSION = YES;
				GCC_WARN_ABOUT_RETURN_TYPE = YES_ERROR;
				GCC_WARN_UNDECLARED_SELECTOR = YES;
				GCC_WARN_UNINITIALIZED_AUTOS = YES_AGGRESSIVE;
				GCC_WARN_UNUSED_FUNCTION = YES;
				GCC_WARN_UNUSED_VARIABLE = YES;
				MACOSX_DEPLOYMENT_TARGET = 13.3;
				MTL_ENABLE_DEBUG_INFO = NO;
				MTL_FAST_MATH = YES;
				SDKROOT = macosx;
				SWIFT_COMPILATION_MODE = wholemodule;
				SWIFT_OPTIMIZATION_LEVEL = "-O";
			};
			name = Release;
		};
		B037E7442AB376DF00167D11 /* Debug */ = {
			isa = XCBuildConfiguration;
			buildSettings = {
				ASSETCATALOG_COMPILER_APPICON_NAME = AppIcon;
				ASSETCATALOG_COMPILER_GLOBAL_ACCENT_COLOR_NAME = AccentColor;
				CLANG_ENABLE_MODULES = YES;
				CODE_SIGN_ENTITLEMENTS = Sharky/Sharky.entitlements;
				CODE_SIGN_STYLE = Automatic;
				COMBINE_HIDPI_IMAGES = YES;
				CURRENT_PROJECT_VERSION = 1;
				DEVELOPMENT_ASSET_PATHS = "\"Sharky/Preview Content\"";
				ENABLE_PREVIEWS = YES;
				GENERATE_INFOPLIST_FILE = YES;
				INFOPLIST_KEY_LSApplicationCategoryType = "public.app-category.music";
				INFOPLIST_KEY_NSHumanReadableCopyright = "";
				INFOPLIST_KEY_NSMicrophoneUsageDescription = "This is required to play audio from the radioSHARK device.";
				LD_RUNPATH_SEARCH_PATHS = (
					"$(inherited)",
					"@executable_path/../Frameworks",
				);
				MARKETING_VERSION = 1.0;
				PRODUCT_BUNDLE_IDENTIFIER = com.tampinco.Sharky;
				PRODUCT_NAME = "$(TARGET_NAME)";
				SWIFT_EMIT_LOC_STRINGS = YES;
				SWIFT_OBJC_BRIDGING_HEADER = "Sharky-Bridging-Header.h";
				SWIFT_OPTIMIZATION_LEVEL = "-Onone";
				SWIFT_VERSION = 5.0;
			};
			name = Debug;
		};
		B037E7452AB376DF00167D11 /* Release */ = {
			isa = XCBuildConfiguration;
			buildSettings = {
				ASSETCATALOG_COMPILER_APPICON_NAME = AppIcon;
				ASSETCATALOG_COMPILER_GLOBAL_ACCENT_COLOR_NAME = AccentColor;
				CLANG_ENABLE_MODULES = YES;
				CODE_SIGN_ENTITLEMENTS = Sharky/Sharky.entitlements;
				CODE_SIGN_STYLE = Automatic;
				COMBINE_HIDPI_IMAGES = YES;
				CURRENT_PROJECT_VERSION = 1;
				DEVELOPMENT_ASSET_PATHS = "\"Sharky/Preview Content\"";
				ENABLE_PREVIEWS = YES;
				GENERATE_INFOPLIST_FILE = YES;
				INFOPLIST_KEY_LSApplicationCategoryType = "public.app-category.music";
				INFOPLIST_KEY_NSHumanReadableCopyright = "";
				INFOPLIST_KEY_NSMicrophoneUsageDescription = "This is required to play audio from the radioSHARK device.";
				LD_RUNPATH_SEARCH_PATHS = (
					"$(inherited)",
					"@executable_path/../Frameworks",
				);
				MARKETING_VERSION = 1.0;
				PRODUCT_BUNDLE_IDENTIFIER = com.tampinco.Sharky;
				PRODUCT_NAME = "$(TARGET_NAME)";
				SWIFT_EMIT_LOC_STRINGS = YES;
				SWIFT_OBJC_BRIDGING_HEADER = "Sharky-Bridging-Header.h";
				SWIFT_VERSION = 5.0;
			};
			name = Release;
		};
		B06BEB442AB7A78E00A8DC21 /* Debug */ = {
			isa = XCBuildConfiguration;
			buildSettings = {
				CODE_SIGN_STYLE = Automatic;
				GCC_PREPROCESSOR_DEFINITIONS = (
					"RADIOSH=1",
					"DEBUG=1",
					"$(inherited)",
				);
				PRODUCT_NAME = "$(TARGET_NAME)";
			};
			name = Debug;
		};
		B06BEB452AB7A78E00A8DC21 /* Release */ = {
			isa = XCBuildConfiguration;
			buildSettings = {
				CODE_SIGN_STYLE = Automatic;
				GCC_PREPROCESSOR_DEFINITIONS = "RADIOSH=1";
				PRODUCT_NAME = "$(TARGET_NAME)";
			};
			name = Release;
		};
/* End XCBuildConfiguration section */

/* Begin XCConfigurationList section */
		B037E72F2AB376DE00167D11 /* Build configuration list for PBXProject "Sharky" */ = {
			isa = XCConfigurationList;
			buildConfigurations = (
				B037E7412AB376DF00167D11 /* Debug */,
				B037E7422AB376DF00167D11 /* Release */,
			);
			defaultConfigurationIsVisible = 0;
			defaultConfigurationName = Release;
		};
		B037E7432AB376DF00167D11 /* Build configuration list for PBXNativeTarget "Sharky" */ = {
			isa = XCConfigurationList;
			buildConfigurations = (
				B037E7442AB376DF00167D11 /* Debug */,
				B037E7452AB376DF00167D11 /* Release */,
			);
			defaultConfigurationIsVisible = 0;
			defaultConfigurationName = Release;
		};
		B06BEB432AB7A78E00A8DC21 /* Build configuration list for PBXNativeTarget "radiosh" */ = {
			isa = XCConfigurationList;
			buildConfigurations = (
				B06BEB442AB7A78E00A8DC21 /* Debug */,
				B06BEB452AB7A78E00A8DC21 /* Release */,
			);
			defaultConfigurationIsVisible = 0;
			defaultConfigurationName = Release;
		};
/* End XCConfigurationList section */

/* Begin XCSwiftPackageProductDependency section */
		B037E7572AB65F0C00167D11 /* Sliders */ = {
			isa = XCSwiftPackageProductDependency;
			productName = Sliders;
		};
		B037E75A2AB65F1500167D11 /* Sliders */ = {
			isa = XCSwiftPackageProductDependency;
			productName = Sliders;
		};
/* End XCSwiftPackageProductDependency section */
	};
	rootObject = B037E72C2AB376DE00167D11 /* Project object */;
}
